
Microsoft Visual Studio Solution File, Format Version 12.00
# Visual Studio Version 17
VisualStudioVersion = 17.5.33424.131
MinimumVisualStudioVersion = 10.0.40219.1
Project("{FAE04EC0-301F-11D3-BF4B-00C04F79EFBC}") = "TPUM", "TPUM\TPUM.csproj", "{C8CE6701-2159-4AD1-A4DF-6515F4095302}"
EndProject
Project("{FAE04EC0-301F-11D3-BF4B-00C04F79EFBC}") = "TPUMTests", "TPUMTests\TPUMTests.csproj", "{1D451C63-37B9-4D17-8FE5-F22AB2740F70}"
EndProject
Global
	GlobalSection(SolutionConfigurationPlatforms) = preSolution
		Debug|Any CPU = Debug|Any CPU
		Release|Any CPU = Release|Any CPU
	EndGlobalSection
	GlobalSection(ProjectConfigurationPlatforms) = postSolution
		{C8CE6701-2159-4AD1-A4DF-6515F4095302}.Debug|Any CPU.ActiveCfg = Debug|Any CPU
		{C8CE6701-2159-4AD1-A4DF-6515F4095302}.Debug|Any CPU.Build.0 = Debug|Any CPU
		{C8CE6701-2159-4AD1-A4DF-6515F4095302}.Release|Any CPU.ActiveCfg = Release|Any CPU
		{C8CE6701-2159-4AD1-A4DF-6515F4095302}.Release|Any CPU.Build.0 = Release|Any CPU
		{1D451C63-37B9-4D17-8FE5-F22AB2740F70}.Debug|Any CPU.ActiveCfg = Debug|Any CPU
		{1D451C63-37B9-4D17-8FE5-F22AB2740F70}.Debug|Any CPU.Build.0 = Debug|Any CPU
		{1D451C63-37B9-4D17-8FE5-F22AB2740F70}.Release|Any CPU.ActiveCfg = Release|Any CPU
		{1D451C63-37B9-4D17-8FE5-F22AB2740F70}.Release|Any CPU.Build.0 = Release|Any CPU
	EndGlobalSection
	GlobalSection(SolutionProperties) = preSolution
		HideSolutionNode = FALSE
	EndGlobalSection
	GlobalSection(ExtensibilityGlobals) = postSolution
		SolutionGuid = {30C1E7DA-0C8C-4B9E-A36E-CF9FB6230F7C}
	EndGlobalSection
EndGlobal
